
Microsoft Visual Studio Solution File, Format Version 12.00
# Visual Studio 15
VisualStudioVersion = 15.0.28010.2046
MinimumVisualStudioVersion = 10.0.40219.1
Project("{FAE04EC0-301F-11D3-BF4B-00C04F79EFBC}") = "WordpressAutomation", "WordpressAutomation\WordpressAutomation.csproj", "{FF3C2935-58DA-4860-9CC8-F4E5C3CB0BA7}"
EndProject
Project("{FAE04EC0-301F-11D3-BF4B-00C04F79EFBC}") = "WordpressTests", "WordpressTests\WordpressTests.csproj", "{449E8D8B-F3EA-4861-B082-F9EDF7590F64}"
EndProject
Global
	GlobalSection(SolutionConfigurationPlatforms) = preSolution
		Debug|Any CPU = Debug|Any CPU
		Release|Any CPU = Release|Any CPU
	EndGlobalSection
	GlobalSection(ProjectConfigurationPlatforms) = postSolution
		{FF3C2935-58DA-4860-9CC8-F4E5C3CB0BA7}.Debug|Any CPU.ActiveCfg = Debug|Any CPU
		{FF3C2935-58DA-4860-9CC8-F4E5C3CB0BA7}.Debug|Any CPU.Build.0 = Debug|Any CPU
		{FF3C2935-58DA-4860-9CC8-F4E5C3CB0BA7}.Release|Any CPU.ActiveCfg = Release|Any CPU
		{FF3C2935-58DA-4860-9CC8-F4E5C3CB0BA7}.Release|Any CPU.Build.0 = Release|Any CPU
		{449E8D8B-F3EA-4861-B082-F9EDF7590F64}.Debug|Any CPU.ActiveCfg = Debug|Any CPU
		{449E8D8B-F3EA-4861-B082-F9EDF7590F64}.Debug|Any CPU.Build.0 = Debug|Any CPU
		{449E8D8B-F3EA-4861-B082-F9EDF7590F64}.Release|Any CPU.ActiveCfg = Release|Any CPU
		{449E8D8B-F3EA-4861-B082-F9EDF7590F64}.Release|Any CPU.Build.0 = Release|Any CPU
	EndGlobalSection
	GlobalSection(SolutionProperties) = preSolution
		HideSolutionNode = FALSE
	EndGlobalSection
	GlobalSection(ExtensibilityGlobals) = postSolution
		SolutionGuid = {2957D980-523A-45BC-8068-DB6A1811E321}
	EndGlobalSection
EndGlobal
